
Microsoft Visual Studio Solution File, Format Version 12.00
# Visual Studio 15
VisualStudioVersion = 15.0.27130.2024
MinimumVisualStudioVersion = 10.0.40219.1
Project("{9A19103F-16F7-4668-BE54-9A1E7A4F7556}") = "MSMClientAPIService", "MSMClientAPIService\MSMClientAPIService.csproj", "{37FB2433-8FFD-4714-9106-3426070EC7F4}"
EndProject
Project("{9A19103F-16F7-4668-BE54-9A1E7A4F7556}") = "MSMClientAPIService.Data", "MSMClientAPIService.Library\MSMClientAPIService.Data.csproj", "{C851EED6-4B27-464C-A80A-BC9B97270A16}"
EndProject
Project("{9A19103F-16F7-4668-BE54-9A1E7A4F7556}") = "MSMClientAPIService.Mapping", "MSMClientAPIService.Mapping\MSMClientAPIService.Mapping.csproj", "{5F188086-ACCE-4AB9-8049-D49B7307EDD1}"
EndProject
Project("{9A19103F-16F7-4668-BE54-9A1E7A4F7556}") = "MSM.Common", "..\MSM.Common\MSM.Common\MSM.Common.csproj", "{83FE7D4F-AB77-4EAB-B5BB-19970028A1F0}"
EndProject
Global
	GlobalSection(SolutionConfigurationPlatforms) = preSolution
		Debug|Any CPU = Debug|Any CPU
		Release|Any CPU = Release|Any CPU
	EndGlobalSection
	GlobalSection(ProjectConfigurationPlatforms) = postSolution
		{37FB2433-8FFD-4714-9106-3426070EC7F4}.Debug|Any CPU.ActiveCfg = Debug|Any CPU
		{37FB2433-8FFD-4714-9106-3426070EC7F4}.Debug|Any CPU.Build.0 = Debug|Any CPU
		{37FB2433-8FFD-4714-9106-3426070EC7F4}.Release|Any CPU.ActiveCfg = Release|Any CPU
		{37FB2433-8FFD-4714-9106-3426070EC7F4}.Release|Any CPU.Build.0 = Release|Any CPU
		{C851EED6-4B27-464C-A80A-BC9B97270A16}.Debug|Any CPU.ActiveCfg = Debug|Any CPU
		{C851EED6-4B27-464C-A80A-BC9B97270A16}.Debug|Any CPU.Build.0 = Debug|Any CPU
		{C851EED6-4B27-464C-A80A-BC9B97270A16}.Release|Any CPU.ActiveCfg = Release|Any CPU
		{C851EED6-4B27-464C-A80A-BC9B97270A16}.Release|Any CPU.Build.0 = Release|Any CPU
		{5F188086-ACCE-4AB9-8049-D49B7307EDD1}.Debug|Any CPU.ActiveCfg = Debug|Any CPU
		{5F188086-ACCE-4AB9-8049-D49B7307EDD1}.Debug|Any CPU.Build.0 = Debug|Any CPU
		{5F188086-ACCE-4AB9-8049-D49B7307EDD1}.Release|Any CPU.ActiveCfg = Release|Any CPU
		{5F188086-ACCE-4AB9-8049-D49B7307EDD1}.Release|Any CPU.Build.0 = Release|Any CPU
		{83FE7D4F-AB77-4EAB-B5BB-19970028A1F0}.Debug|Any CPU.ActiveCfg = Debug|Any CPU
		{83FE7D4F-AB77-4EAB-B5BB-19970028A1F0}.Debug|Any CPU.Build.0 = Debug|Any CPU
		{83FE7D4F-AB77-4EAB-B5BB-19970028A1F0}.Release|Any CPU.ActiveCfg = Release|Any CPU
		{83FE7D4F-AB77-4EAB-B5BB-19970028A1F0}.Release|Any CPU.Build.0 = Release|Any CPU
	EndGlobalSection
	GlobalSection(SolutionProperties) = preSolution
		HideSolutionNode = FALSE
	EndGlobalSection
	GlobalSection(ExtensibilityGlobals) = postSolution
		SolutionGuid = {7BA61AA5-D751-4278-9F31-046C548A7336}
	EndGlobalSection
EndGlobal
